// !$*UTF8*$!
{
	archiveVersion = 1;
	classes = {
	};
	objectVersion = 50;
	objects = {

/* Begin PBXBuildFile section */
		80AE30DF2113030F00F9B18C /* AppDelegate.swift in Sources */ = {isa = PBXBuildFile; fileRef = 80AE30DE2113030F00F9B18C /* AppDelegate.swift */; };
		80AE30E12113030F00F9B18C /* ViewController.swift in Sources */ = {isa = PBXBuildFile; fileRef = 80AE30E02113030F00F9B18C /* ViewController.swift */; };
		80AE30E42113030F00F9B18C /* Main.storyboard in Resources */ = {isa = PBXBuildFile; fileRef = 80AE30E22113030F00F9B18C /* Main.storyboard */; };
		80AE30E62113031000F9B18C /* Assets.xcassets in Resources */ = {isa = PBXBuildFile; fileRef = 80AE30E52113031000F9B18C /* Assets.xcassets */; };
		80AE30E92113031000F9B18C /* LaunchScreen.storyboard in Resources */ = {isa = PBXBuildFile; fileRef = 80AE30E72113031000F9B18C /* LaunchScreen.storyboard */; };
		80AE30F42113031000F9B18C /* HomepwnerTests.swift in Sources */ = {isa = PBXBuildFile; fileRef = 80AE30F32113031000F9B18C /* HomepwnerTests.swift */; };
		80AE30FF2113031000F9B18C /* HomepwnerUITests.swift in Sources */ = {isa = PBXBuildFile; fileRef = 80AE30FE2113031000F9B18C /* HomepwnerUITests.swift */; };
/* End PBXBuildFile section */

/* Begin PBXContainerItemProxy section */
		80AE30F02113031000F9B18C /* PBXContainerItemProxy */ = {
			isa = PBXContainerItemProxy;
			containerPortal = 80AE30D32113030F00F9B18C /* Project object */;
			proxyType = 1;
			remoteGlobalIDString = 80AE30DA2113030F00F9B18C;
			remoteInfo = Homepwner;
		};
		80AE30FB2113031000F9B18C /* PBXContainerItemProxy */ = {
			isa = PBXContainerItemProxy;
			containerPortal = 80AE30D32113030F00F9B18C /* Project object */;
			proxyType = 1;
			remoteGlobalIDString = 80AE30DA2113030F00F9B18C;
			remoteInfo = Homepwner;
		};
/* End PBXContainerItemProxy section */

/* Begin PBXFileReference section */
		80AE30DB2113030F00F9B18C /* Homepwner.app */ = {isa = PBXFileReference; explicitFileType = wrapper.application; includeInIndex = 0; path = Homepwner.app; sourceTree = BUILT_PRODUCTS_DIR; };
		80AE30DE2113030F00F9B18C /* AppDelegate.swift */ = {isa = PBXFileReference; lastKnownFileType = sourcecode.swift; path = AppDelegate.swift; sourceTree = "<group>"; };
		80AE30E02113030F00F9B18C /* ViewController.swift */ = {isa = PBXFileReference; lastKnownFileType = sourcecode.swift; path = ViewController.swift; sourceTree = "<group>"; };
		80AE30E32113030F00F9B18C /* Base */ = {isa = PBXFileReference; lastKnownFileType = file.storyboard; name = Base; path = Base.lproj/Main.storyboard; sourceTree = "<group>"; };
		80AE30E52113031000F9B18C /* Assets.xcassets */ = {isa = PBXFileReference; lastKnownFileType = folder.assetcatalog; path = Assets.xcassets; sourceTree = "<group>"; };
		80AE30E82113031000F9B18C /* Base */ = {isa = PBXFileReference; lastKnownFileType = file.storyboard; name = Base; path = Base.lproj/LaunchScreen.storyboard; sourceTree = "<group>"; };
		80AE30EA2113031000F9B18C /* Info.plist */ = {isa = PBXFileReference; lastKnownFileType = text.plist.xml; path = Info.plist; sourceTree = "<group>"; };
		80AE30EF2113031000F9B18C /* HomepwnerTests.xctest */ = {isa = PBXFileReference; explicitFileType = wrapper.cfbundle; includeInIndex = 0; path = HomepwnerTests.xctest; sourceTree = BUILT_PRODUCTS_DIR; };
		80AE30F32113031000F9B18C /* HomepwnerTests.swift */ = {isa = PBXFileReference; lastKnownFileType = sourcecode.swift; path = HomepwnerTests.swift; sourceTree = "<group>"; };
		80AE30F52113031000F9B18C /* Info.plist */ = {isa = PBXFileReference; lastKnownFileType = text.plist.xml; path = Info.plist; sourceTree = "<group>"; };
		80AE30FA2113031000F9B18C /* HomepwnerUITests.xctest */ = {isa = PBXFileReference; explicitFileType = wrapper.cfbundle; includeInIndex = 0; path = HomepwnerUITests.xctest; sourceTree = BUILT_PRODUCTS_DIR; };
		80AE30FE2113031000F9B18C /* HomepwnerUITests.swift */ = {isa = PBXFileReference; lastKnownFileType = sourcecode.swift; path = HomepwnerUITests.swift; sourceTree = "<group>"; };
		80AE31002113031000F9B18C /* Info.plist */ = {isa = PBXFileReference; lastKnownFileType = text.plist.xml; path = Info.plist; sourceTree = "<group>"; };
/* End PBXFileReference section */

/* Begin PBXFrameworksBuildPhase section */
		80AE30D82113030F00F9B18C /* Frameworks */ = {
			isa = PBXFrameworksBuildPhase;
			buildActionMask = 2147483647;
			files = (
			);
			runOnlyForDeploymentPostprocessing = 0;
		};
		80AE30EC2113031000F9B18C /* Frameworks */ = {
			isa = PBXFrameworksBuildPhase;
			buildActionMask = 2147483647;
			files = (
			);
			runOnlyForDeploymentPostprocessing = 0;
		};
		80AE30F72113031000F9B18C /* Frameworks */ = {
			isa = PBXFrameworksBuildPhase;
			buildActionMask = 2147483647;
			files = (
			);
			runOnlyForDeploymentPostprocessing = 0;
		};
/* End PBXFrameworksBuildPhase section */

/* Begin PBXGroup section */
		80AE30D22113030F00F9B18C = {
			isa = PBXGroup;
			children = (
				80AE30DD2113030F00F9B18C /* Homepwner */,
				80AE30F22113031000F9B18C /* HomepwnerTests */,
				80AE30FD2113031000F9B18C /* HomepwnerUITests */,
				80AE30DC2113030F00F9B18C /* Products */,
			);
			sourceTree = "<group>";
		};
		80AE30DC2113030F00F9B18C /* Products */ = {
			isa = PBXGroup;
			children = (
				80AE30DB2113030F00F9B18C /* Homepwner.app */,
				80AE30EF2113031000F9B18C /* HomepwnerTests.xctest */,
				80AE30FA2113031000F9B18C /* HomepwnerUITests.xctest */,
			);
			name = Products;
			sourceTree = "<group>";
		};
		80AE30DD2113030F00F9B18C /* Homepwner */ = {
			isa = PBXGroup;
			children = (
				80AE30DE2113030F00F9B18C /* AppDelegate.swift */,
				80AE30E02113030F00F9B18C /* ViewController.swift */,
				80AE30E22113030F00F9B18C /* Main.storyboard */,
				80AE30E52113031000F9B18C /* Assets.xcassets */,
				80AE30E72113031000F9B18C /* LaunchScreen.storyboard */,
				80AE30EA2113031000F9B18C /* Info.plist */,
			);
			path = Homepwner;
			sourceTree = "<group>";
		};
		80AE30F22113031000F9B18C /* HomepwnerTests */ = {
			isa = PBXGroup;
			children = (
				80AE30F32113031000F9B18C /* HomepwnerTests.swift */,
				80AE30F52113031000F9B18C /* Info.plist */,
			);
			path = HomepwnerTests;
			sourceTree = "<group>";
		};
		80AE30FD2113031000F9B18C /* HomepwnerUITests */ = {
			isa = PBXGroup;
			children = (
				80AE30FE2113031000F9B18C /* HomepwnerUITests.swift */,
				80AE31002113031000F9B18C /* Info.plist */,
			);
			path = HomepwnerUITests;
			sourceTree = "<group>";
		};
/* End PBXGroup section */

/* Begin PBXNativeTarget section */
		80AE30DA2113030F00F9B18C /* Homepwner */ = {
			isa = PBXNativeTarget;
			buildConfigurationList = 80AE31032113031000F9B18C /* Build configuration list for PBXNativeTarget "Homepwner" */;
			buildPhases = (
				80AE30D72113030F00F9B18C /* Sources */,
				80AE30D82113030F00F9B18C /* Frameworks */,
				80AE30D92113030F00F9B18C /* Resources */,
			);
			buildRules = (
			);
			dependencies = (
			);
			name = Homepwner;
			productName = Homepwner;
			productReference = 80AE30DB2113030F00F9B18C /* Homepwner.app */;
			productType = "com.apple.product-type.application";
		};
		80AE30EE2113031000F9B18C /* HomepwnerTests */ = {
			isa = PBXNativeTarget;
			buildConfigurationList = 80AE31062113031000F9B18C /* Build configuration list for PBXNativeTarget "HomepwnerTests" */;
			buildPhases = (
				80AE30EB2113031000F9B18C /* Sources */,
				80AE30EC2113031000F9B18C /* Frameworks */,
				80AE30ED2113031000F9B18C /* Resources */,
			);
			buildRules = (
			);
			dependencies = (
				80AE30F12113031000F9B18C /* PBXTargetDependency */,
			);
			name = HomepwnerTests;
			productName = HomepwnerTests;
			productReference = 80AE30EF2113031000F9B18C /* HomepwnerTests.xctest */;
			productType = "com.apple.product-type.bundle.unit-test";
		};
		80AE30F92113031000F9B18C /* HomepwnerUITests */ = {
			isa = PBXNativeTarget;
			buildConfigurationList = 80AE31092113031000F9B18C /* Build configuration list for PBXNativeTarget "HomepwnerUITests" */;
			buildPhases = (
				80AE30F62113031000F9B18C /* Sources */,
				80AE30F72113031000F9B18C /* Frameworks */,
				80AE30F82113031000F9B18C /* Resources */,
			);
			buildRules = (
			);
			dependencies = (
				80AE30FC2113031000F9B18C /* PBXTargetDependency */,
			);
			name = HomepwnerUITests;
			productName = HomepwnerUITests;
			productReference = 80AE30FA2113031000F9B18C /* HomepwnerUITests.xctest */;
			productType = "com.apple.product-type.bundle.ui-testing";
		};
/* End PBXNativeTarget section */

/* Begin PBXProject section */
		80AE30D32113030F00F9B18C /* Project object */ = {
			isa = PBXProject;
			attributes = {
				LastSwiftUpdateCheck = 0940;
				LastUpgradeCheck = 0940;
				ORGANIZATIONNAME = bnr;
				TargetAttributes = {
					80AE30DA2113030F00F9B18C = {
						CreatedOnToolsVersion = 9.4.1;
					};
					80AE30EE2113031000F9B18C = {
						CreatedOnToolsVersion = 9.4.1;
						TestTargetID = 80AE30DA2113030F00F9B18C;
					};
					80AE30F92113031000F9B18C = {
						CreatedOnToolsVersion = 9.4.1;
						TestTargetID = 80AE30DA2113030F00F9B18C;
					};
				};
			};
			buildConfigurationList = 80AE30D62113030F00F9B18C /* Build configuration list for PBXProject "Homepwner" */;
			compatibilityVersion = "Xcode 9.3";
			developmentRegion = en;
			hasScannedForEncodings = 0;
			knownRegions = (
				en,
				Base,
			);
			mainGroup = 80AE30D22113030F00F9B18C;
			productRefGroup = 80AE30DC2113030F00F9B18C /* Products */;
			projectDirPath = "";
			projectRoot = "";
			targets = (
				80AE30DA2113030F00F9B18C /* Homepwner */,
				80AE30EE2113031000F9B18C /* HomepwnerTests */,
				80AE30F92113031000F9B18C /* HomepwnerUITests */,
			);
		};
/* End PBXProject section */

/* Begin PBXResourcesBuildPhase section */
		80AE30D92113030F00F9B18C /* Resources */ = {
			isa = PBXResourcesBuildPhase;
			buildActionMask = 2147483647;
			files = (
				80AE30E92113031000F9B18C /* LaunchScreen.storyboard in Resources */,
				80AE30E62113031000F9B18C /* Assets.xcassets in Resources */,
				80AE30E42113030F00F9B18C /* Main.storyboard in Resources */,
			);
			runOnlyForDeploymentPostprocessing = 0;
		};
		80AE30ED2113031000F9B18C /* Resources */ = {
			isa = PBXResourcesBuildPhase;
			buildActionMask = 2147483647;
			files = (
			);
			runOnlyForDeploymentPostprocessing = 0;
		};
		80AE30F82113031000F9B18C /* Resources */ = {
			isa = PBXResourcesBuildPhase;
			buildActionMask = 2147483647;
			files = (
			);
			runOnlyForDeploymentPostprocessing = 0;
		};
/* End PBXResourcesBuildPhase section */

/* Begin PBXSourcesBuildPhase section */
		80AE30D72113030F00F9B18C /* Sources */ = {
			isa = PBXSourcesBuildPhase;
			buildActionMask = 2147483647;
			files = (
				80AE30E12113030F00F9B18C /* ViewController.swift in Sources */,
				80AE30DF2113030F00F9B18C /* AppDelegate.swift in Sources */,
			);
			runOnlyForDeploymentPostprocessing = 0;
		};
		80AE30EB2113031000F9B18C /* Sources */ = {
			isa = PBXSourcesBuildPhase;
			buildActionMask = 2147483647;
			files = (
				80AE30F42113031000F9B18C /* HomepwnerTests.swift in Sources */,
			);
			runOnlyForDeploymentPostprocessing = 0;
		};
		80AE30F62113031000F9B18C /* Sources */ = {
			isa = PBXSourcesBuildPhase;
			buildActionMask = 2147483647;
			files = (
				80AE30FF2113031000F9B18C /* HomepwnerUITests.swift in Sources */,
			);
			runOnlyForDeploymentPostprocessing = 0;
		};
/* End PBXSourcesBuildPhase section */

/* Begin PBXTargetDependency section */
		80AE30F12113031000F9B18C /* PBXTargetDependency */ = {
			isa = PBXTargetDependency;
			target = 80AE30DA2113030F00F9B18C /* Homepwner */;
			targetProxy = 80AE30F02113031000F9B18C /* PBXContainerItemProxy */;
		};
		80AE30FC2113031000F9B18C /* PBXTargetDependency */ = {
			isa = PBXTargetDependency;
			target = 80AE30DA2113030F00F9B18C /* Homepwner */;
			targetProxy = 80AE30FB2113031000F9B18C /* PBXContainerItemProxy */;
		};
/* End PBXTargetDependency section */

/* Begin PBXVariantGroup section */
		80AE30E22113030F00F9B18C /* Main.storyboard */ = {
			isa = PBXVariantGroup;
			children = (
				80AE30E32113030F00F9B18C /* Base */,
			);
			name = Main.storyboard;
			sourceTree = "<group>";
		};
		80AE30E72113031000F9B18C /* LaunchScreen.storyboard */ = {
			isa = PBXVariantGroup;
			children = (
				80AE30E82113031000F9B18C /* Base */,
			);
			name = LaunchScreen.storyboard;
			sourceTree = "<group>";
		};
/* End PBXVariantGroup section */

/* Begin XCBuildConfiguration section */
		80AE31012113031000F9B18C /* Debug */ = {
			isa = XCBuildConfiguration;
			buildSettings = {
				ALWAYS_SEARCH_USER_PATHS = NO;
				CLANG_ANALYZER_NONNULL = YES;
				CLANG_ANALYZER_NUMBER_OBJECT_CONVERSION = YES_AGGRESSIVE;
				CLANG_CXX_LANGUAGE_STANDARD = "gnu++14";
				CLANG_CXX_LIBRARY = "libc++";
				CLANG_ENABLE_MODULES = YES;
				CLANG_ENABLE_OBJC_ARC = YES;
				CLANG_ENABLE_OBJC_WEAK = YES;
				CLANG_WARN_BLOCK_CAPTURE_AUTORELEASING = YES;
				CLANG_WARN_BOOL_CONVERSION = YES;
				CLANG_WARN_COMMA = YES;
				CLANG_WARN_CONSTANT_CONVERSION = YES;
				CLANG_WARN_DEPRECATED_OBJC_IMPLEMENTATIONS = YES;
				CLANG_WARN_DIRECT_OBJC_ISA_USAGE = YES_ERROR;
				CLANG_WARN_DOCUMENTATION_COMMENTS = YES;
				CLANG_WARN_EMPTY_BODY = YES;
				CLANG_WARN_ENUM_CONVERSION = YES;
				CLANG_WARN_INFINITE_RECURSION = YES;
				CLANG_WARN_INT_CONVERSION = YES;
				CLANG_WARN_NON_LITERAL_NULL_CONVERSION = YES;
				CLANG_WARN_OBJC_IMPLICIT_RETAIN_SELF = YES;
				CLANG_WARN_OBJC_LITERAL_CONVERSION = YES;
				CLANG_WARN_OBJC_ROOT_CLASS = YES_ERROR;
				CLANG_WARN_RANGE_LOOP_ANALYSIS = YES;
				CLANG_WARN_STRICT_PROTOTYPES = YES;
				CLANG_WARN_SUSPICIOUS_MOVE = YES;
				CLANG_WARN_UNGUARDED_AVAILABILITY = YES_AGGRESSIVE;
				CLANG_WARN_UNREACHABLE_CODE = YES;
				CLANG_WARN__DUPLICATE_METHOD_MATCH = YES;
				CODE_SIGN_IDENTITY = "iPhone Developer";
				COPY_PHASE_STRIP = NO;
				DEBUG_INFORMATION_FORMAT = dwarf;
				ENABLE_STRICT_OBJC_MSGSEND = YES;
				ENABLE_TESTABILITY = YES;
				GCC_C_LANGUAGE_STANDARD = gnu11;
				GCC_DYNAMIC_NO_PIC = NO;
				GCC_NO_COMMON_BLOCKS = YES;
				GCC_OPTIMIZATION_LEVEL = 0;
				GCC_PREPROCESSOR_DEFINITIONS = (
					"DEBUG=1",
					"$(inherited)",
				);
				GCC_WARN_64_TO_32_BIT_CONVERSION = YES;
				GCC_WARN_ABOUT_RETURN_TYPE = YES_ERROR;
				GCC_WARN_UNDECLARED_SELECTOR = YES;
				GCC_WARN_UNINITIALIZED_AUTOS = YES_AGGRESSIVE;
				GCC_WARN_UNUSED_FUNCTION = YES;
				GCC_WARN_UNUSED_VARIABLE = YES;
				IPHONEOS_DEPLOYMENT_TARGET = 11.4;
				MTL_ENABLE_DEBUG_INFO = YES;
				ONLY_ACTIVE_ARCH = YES;
				SDKROOT = iphoneos;
				SWIFT_ACTIVE_COMPILATION_CONDITIONS = DEBUG;
				SWIFT_OPTIMIZATION_LEVEL = "-Onone";
			};
			name = Debug;
		};
		80AE31022113031000F9B18C /* Release */ = {
			isa = XCBuildConfiguration;
			buildSettings = {
				ALWAYS_SEARCH_USER_PATHS = NO;
				CLANG_ANALYZER_NONNULL = YES;
				CLANG_ANALYZER_NUMBER_OBJECT_CONVERSION = YES_AGGRESSIVE;
				CLANG_CXX_LANGUAGE_STANDARD = "gnu++14";
				CLANG_CXX_LIBRARY = "libc++";
				CLANG_ENABLE_MODULES = YES;
				CLANG_ENABLE_OBJC_ARC = YES;
				CLANG_ENABLE_OBJC_WEAK = YES;
				CLANG_WARN_BLOCK_CAPTURE_AUTORELEASING = YES;
				CLANG_WARN_BOOL_CONVERSION = YES;
				CLANG_WARN_COMMA = YES;
				CLANG_WARN_CONSTANT_CONVERSION = YES;
				CLANG_WARN_DEPRECATED_OBJC_IMPLEMENTATIONS = YES;
				CLANG_WARN_DIRECT_OBJC_ISA_USAGE = YES_ERROR;
				CLANG_WARN_DOCUMENTATION_COMMENTS = YES;
				CLANG_WARN_EMPTY_BODY = YES;
				CLANG_WARN_ENUM_CONVERSION = YES;
				CLANG_WARN_INFINITE_RECURSION = YES;
				CLANG_WARN_INT_CONVERSION = YES;
				CLANG_WARN_NON_LITERAL_NULL_CONVERSION = YES;
				CLANG_WARN_OBJC_IMPLICIT_RETAIN_SELF = YES;
				CLANG_WARN_OBJC_LITERAL_CONVERSION = YES;
				CLANG_WARN_OBJC_ROOT_CLASS = YES_ERROR;
				CLANG_WARN_RANGE_LOOP_ANALYSIS = YES;
				CLANG_WARN_STRICT_PROTOTYPES = YES;
				CLANG_WARN_SUSPICIOUS_MOVE = YES;
				CLANG_WARN_UNGUARDED_AVAILABILITY = YES_AGGRESSIVE;
				CLANG_WARN_UNREACHABLE_CODE = YES;
				CLANG_WARN__DUPLICATE_METHOD_MATCH = YES;
				CODE_SIGN_IDENTITY = "iPhone Developer";
				COPY_PHASE_STRIP = NO;
				DEBUG_INFORMATION_FORMAT = "dwarf-with-dsym";
				ENABLE_NS_ASSERTIONS = NO;
				ENABLE_STRICT_OBJC_MSGSEND = YES;
				GCC_C_LANGUAGE_STANDARD = gnu11;
				GCC_NO_COMMON_BLOCKS = YES;
				GCC_WARN_64_TO_32_BIT_CONVERSION = YES;
				GCC_WARN_ABOUT_RETURN_TYPE = YES_ERROR;
				GCC_WARN_UNDECLARED_SELECTOR = YES;
				GCC_WARN_UNINITIALIZED_AUTOS = YES_AGGRESSIVE;
				GCC_WARN_UNUSED_FUNCTION = YES;
				GCC_WARN_UNUSED_VARIABLE = YES;
				IPHONEOS_DEPLOYMENT_TARGET = 11.4;
				MTL_ENABLE_DEBUG_INFO = NO;
				SDKROOT = iphoneos;
				SWIFT_COMPILATION_MODE = wholemodule;
				SWIFT_OPTIMIZATION_LEVEL = "-O";
				VALIDATE_PRODUCT = YES;
			};
			name = Release;
		};
		80AE31042113031000F9B18C /* Debug */ = {
			isa = XCBuildConfiguration;
			buildSettings = {
				ASSETCATALOG_COMPILER_APPICON_NAME = AppIcon;
				CODE_SIGN_STYLE = Automatic;
				INFOPLIST_FILE = Homepwner/Info.plist;
				LD_RUNPATH_SEARCH_PATHS = (
					"$(inherited)",
					"@executable_path/Frameworks",
				);
				PRODUCT_BUNDLE_IDENTIFIER = bnr.Homepwner;
				PRODUCT_NAME = "$(TARGET_NAME)";
				SWIFT_VERSION = 4.0;
				TARGETED_DEVICE_FAMILY = "1,2";
			};
			name = Debug;
		};
		80AE31052113031000F9B18C /* Release */ = {
			isa = XCBuildConfiguration;
			buildSettings = {
				ASSETCATALOG_COMPILER_APPICON_NAME = AppIcon;
				CODE_SIGN_STYLE = Automatic;
				INFOPLIST_FILE = Homepwner/Info.plist;
				LD_RUNPATH_SEARCH_PATHS = (
					"$(inherited)",
					"@executable_path/Frameworks",
				);
				PRODUCT_BUNDLE_IDENTIFIER = bnr.Homepwner;
				PRODUCT_NAME = "$(TARGET_NAME)";
				SWIFT_VERSION = 4.0;
				TARGETED_DEVICE_FAMILY = "1,2";
			};
			name = Release;
		};
		80AE31072113031000F9B18C /* Debug */ = {
			isa = XCBuildConfiguration;
			buildSettings = {
				ALWAYS_EMBED_SWIFT_STANDARD_LIBRARIES = YES;
				BUNDLE_LOADER = "$(TEST_HOST)";
				CODE_SIGN_STYLE = Automatic;
				INFOPLIST_FILE = HomepwnerTests/Info.plist;
				LD_RUNPATH_SEARCH_PATHS = (
					"$(inherited)",
					"@executable_path/Frameworks",
					"@loader_path/Frameworks",
				);
				PRODUCT_BUNDLE_IDENTIFIER = bnr.HomepwnerTests;
				PRODUCT_NAME = "$(TARGET_NAME)";
				SWIFT_VERSION = 4.0;
				TARGETED_DEVICE_FAMILY = "1,2";
				TEST_HOST = "$(BUILT_PRODUCTS_DIR)/Homepwner.app/Homepwner";
			};
			name = Debug;
		};
		80AE31082113031000F9B18C /* Release */ = {
			isa = XCBuildConfiguration;
			buildSettings = {
				ALWAYS_EMBED_SWIFT_STANDARD_LIBRARIES = YES;
				BUNDLE_LOADER = "$(TEST_HOST)";
				CODE_SIGN_STYLE = Automatic;
				INFOPLIST_FILE = HomepwnerTests/Info.plist;
				LD_RUNPATH_SEARCH_PATHS = (
					"$(inherited)",
					"@executable_path/Frameworks",
					"@loader_path/Frameworks",
				);
				PRODUCT_BUNDLE_IDENTIFIER = bnr.HomepwnerTests;
				PRODUCT_NAME = "$(TARGET_NAME)";
				SWIFT_VERSION = 4.0;
				TARGETED_DEVICE_FAMILY = "1,2";
				TEST_HOST = "$(BUILT_PRODUCTS_DIR)/Homepwner.app/Homepwner";
			};
			name = Release;
		};
		80AE310A2113031000F9B18C /* Debug */ = {
			isa = XCBuildConfiguration;
			buildSettings = {
				ALWAYS_EMBED_SWIFT_STANDARD_LIBRARIES = YES;
				CODE_SIGN_STYLE = Automatic;
				INFOPLIST_FILE = HomepwnerUITests/Info.plist;
				LD_RUNPATH_SEARCH_PATHS = (
					"$(inherited)",
					"@executable_path/Frameworks",
					"@loader_path/Frameworks",
				);
				PRODUCT_BUNDLE_IDENTIFIER = bnr.HomepwnerUITests;
				PRODUCT_NAME = "$(TARGET_NAME)";
				SWIFT_VERSION = 4.0;
				TARGETED_DEVICE_FAMILY = "1,2";
				TEST_TARGET_NAME = Homepwner;
			};
			name = Debug;
		};
		80AE310B2113031000F9B18C /* Release */ = {
			isa = XCBuildConfiguration;
			buildSettings = {
				ALWAYS_EMBED_SWIFT_STANDARD_LIBRARIES = YES;
				CODE_SIGN_STYLE = Automatic;
				INFOPLIST_FILE = HomepwnerUITests/Info.plist;
				LD_RUNPATH_SEARCH_PATHS = (
					"$(inherited)",
					"@executable_path/Frameworks",
					"@loader_path/Frameworks",
				);
				PRODUCT_BUNDLE_IDENTIFIER = bnr.HomepwnerUITests;
				PRODUCT_NAME = "$(TARGET_NAME)";
				SWIFT_VERSION = 4.0;
				TARGETED_DEVICE_FAMILY = "1,2";
				TEST_TARGET_NAME = Homepwner;
			};
			name = Release;
		};
/* End XCBuildConfiguration section */

/* Begin XCConfigurationList section */
		80AE30D62113030F00F9B18C /* Build configuration list for PBXProject "Homepwner" */ = {
			isa = XCConfigurationList;
			buildConfigurations = (
				80AE31012113031000F9B18C /* Debug */,
				80AE31022113031000F9B18C /* Release */,
			);
			defaultConfigurationIsVisible = 0;
			defaultConfigurationName = Release;
		};
		80AE31032113031000F9B18C /* Build configuration list for PBXNativeTarget "Homepwner" */ = {
			isa = XCConfigurationList;
			buildConfigurations = (
				80AE31042113031000F9B18C /* Debug */,
				80AE31052113031000F9B18C /* Release */,
			);
			defaultConfigurationIsVisible = 0;
			defaultConfigurationName = Release;
		};
		80AE31062113031000F9B18C /* Build configuration list for PBXNativeTarget "HomepwnerTests" */ = {
			isa = XCConfigurationList;
			buildConfigurations = (
				80AE31072113031000F9B18C /* Debug */,
				80AE31082113031000F9B18C /* Release */,
			);
			defaultConfigurationIsVisible = 0;
			defaultConfigurationName = Release;
		};
		80AE31092113031000F9B18C /* Build configuration list for PBXNativeTarget "HomepwnerUITests" */ = {
			isa = XCConfigurationList;
			buildConfigurations = (
				80AE310A2113031000F9B18C /* Debug */,
				80AE310B2113031000F9B18C /* Release */,
			);
			defaultConfigurationIsVisible = 0;
			defaultConfigurationName = Release;
		};
/* End XCConfigurationList section */
	};
	rootObject = 80AE30D32113030F00F9B18C /* Project object */;
}
